# This file is autogenerated, do not edit; changes may be undone by the next 'dep ensure'.


[[projects]]
  branch = "master"
  name = "github.com/lib/pq"
  packages = [".","oid"]
  revision = "27ea5d92de30060e7121ddd543fe14e9a327e0cc"

[solve-meta]
  analyzer-name = "dep"
  analyzer-version = 1
  inputs-digest = "f9a9f07200aebaeb4840e863e9419104ba612b49f2f5e5a91dffde8b66fcaa8c"
  solver-name = "gps-cdcl"
  solver-version = 1
